{
  "meteor": {
    "git": "https://github.com/meteor/meteor.git",
    "branch": "shark",
    "commit": "208bbea9aa1f1c3d7a9863e958edf8b74eaa3595"
  },
  "dependencies": {
    "basePackages": {
      "collection-helpers": {}
    },
    "packages": {
      "collection-helpers": {
        "git": "https://github.com/dburles/meteor-collection-helpers.git",
        "tag": "v0.2.3",
        "commit": "52c4c692421acea557fb329f43f65ed11b4832df"
      }
    }
  }
}
