{
  "meteor": {
    "git": "https://github.com/meteor/meteor.git",
    "branch": "shark",
    "commit": "ea5050497da1d24194c44c5d27a91e9979e839ba"
  },
  "dependencies": {
    "basePackages": {
      "iron-router": {
        "git": "https://github.com/EventedMind/iron-router.git",
        "branch": "shark"
      }
    },
    "packages": {
      "iron-router": {
        "git": "https://github.com/EventedMind/iron-router.git",
        "branch": "shark",
        "commit": "4f55d0acc293abb4a9492229e8d2be0ec0e176c1"
      }
    }
  }
}
